
Microsoft Visual Studio Solution File, Format Version 12.00
# Visual Studio Version 17
VisualStudioVersion = 17.12.35728.132 d17.12
MinimumVisualStudioVersion = 10.0.40219.1
Project("{FAE04EC0-301F-11D3-BF4B-00C04F79EFBC}") = "Task_3", "Task_3.csproj", "{6DADA8E3-61DA-4101-8F36-2B958A02777A}"
EndProject
Global
	GlobalSection(SolutionConfigurationPlatforms) = preSolution
		Debug|Any CPU = Debug|Any CPU
		Release|Any CPU = Release|Any CPU
	EndGlobalSection
	GlobalSection(ProjectConfigurationPlatforms) = postSolution
		{6DADA8E3-61DA-4101-8F36-2B958A02777A}.Debug|Any CPU.ActiveCfg = Debug|Any CPU
		{6DADA8E3-61DA-4101-8F36-2B958A02777A}.Debug|Any CPU.Build.0 = Debug|Any CPU
		{6DADA8E3-61DA-4101-8F36-2B958A02777A}.Release|Any CPU.ActiveCfg = Release|Any CPU
		{6DADA8E3-61DA-4101-8F36-2B958A02777A}.Release|Any CPU.Build.0 = Release|Any CPU
	EndGlobalSection
	GlobalSection(SolutionProperties) = preSolution
		HideSolutionNode = FALSE
	EndGlobalSection
EndGlobal
